{
  "name": "node-app",
  "version": "1.0.0",
  "lockfileVersion": 1,
  "requires": true,
  "dependencies": {
    "afshalg-lion-lib": {
      "version": "1.0.0",
      "resolved": "https://registry.npmjs.org/afshalg-lion-lib/-/afshalg-lion-lib-1.0.0.tgz",
      "integrity": "sha512-mtSJu/hdxvCiGowuLo/rHC6OVo6h7mfe9tkeALE3dBCDHYIU05CyB6QXAe0p/t6naRZW+fWswA29RTDNLqtjHQ=="
    }
  }
}
